// !$*UTF8*$!
{
	archiveVersion = 1;
	classes = {
	};
	objectVersion = 50;
	objects = {

/* Begin PBXBuildFile section */
		C636E6112679CAE2001387EA /* HomeView.swift in Sources */ = {isa = PBXBuildFile; fileRef = C68323E62678521900902939 /* HomeView.swift */; };
		C636E6132679E92F001387EA /* CloseButton.swift in Sources */ = {isa = PBXBuildFile; fileRef = C636E6122679E92F001387EA /* CloseButton.swift */; };
		C68323E92678521D00902939 /* Assets.xcassets in Resources */ = {isa = PBXBuildFile; fileRef = C68323E82678521D00902939 /* Assets.xcassets */; };
		C68323EC2678521D00902939 /* Preview Assets.xcassets in Resources */ = {isa = PBXBuildFile; fileRef = C68323EB2678521D00902939 /* Preview Assets.xcassets */; };
		C68323F42678524500902939 /* CardItem.swift in Sources */ = {isa = PBXBuildFile; fileRef = C68323F32678524500902939 /* CardItem.swift */; };
		C68323F62678524E00902939 /* CardDetail.swift in Sources */ = {isa = PBXBuildFile; fileRef = C68323F52678524E00902939 /* CardDetail.swift */; };
		C68323F926785BDE00902939 /* Dida.otf in Resources */ = {isa = PBXBuildFile; fileRef = C68323F7267852FC00902939 /* Dida.otf */; };
		C68323FB26785C7700902939 /* VisualEffectBlur.swift in Sources */ = {isa = PBXBuildFile; fileRef = C68323FA26785C7600902939 /* VisualEffectBlur.swift */; };
		C68323FD2678A6E000902939 /* Goddess.swift in Sources */ = {isa = PBXBuildFile; fileRef = C68323FC2678A6E000902939 /* Goddess.swift */; };
		C68324002678FDA500902939 /* Gaea_SwiftUIWorkApp.swift in Sources */ = {isa = PBXBuildFile; fileRef = C68323E42678521900902939 /* Gaea_SwiftUIWorkApp.swift */; };
/* End PBXBuildFile section */

/* Begin PBXFileReference section */
		C636E6122679E92F001387EA /* CloseButton.swift */ = {isa = PBXFileReference; lastKnownFileType = sourcecode.swift; path = CloseButton.swift; sourceTree = "<group>"; };
		C68323E12678521900902939 /* Gaea_SwiftUIWork.app */ = {isa = PBXFileReference; explicitFileType = wrapper.application; includeInIndex = 0; path = Gaea_SwiftUIWork.app; sourceTree = BUILT_PRODUCTS_DIR; };
		C68323E42678521900902939 /* Gaea_SwiftUIWorkApp.swift */ = {isa = PBXFileReference; lastKnownFileType = sourcecode.swift; path = Gaea_SwiftUIWorkApp.swift; sourceTree = "<group>"; };
		C68323E62678521900902939 /* HomeView.swift */ = {isa = PBXFileReference; lastKnownFileType = sourcecode.swift; path = HomeView.swift; sourceTree = "<group>"; };
		C68323E82678521D00902939 /* Assets.xcassets */ = {isa = PBXFileReference; lastKnownFileType = folder.assetcatalog; path = Assets.xcassets; sourceTree = "<group>"; };
		C68323EB2678521D00902939 /* Preview Assets.xcassets */ = {isa = PBXFileReference; lastKnownFileType = folder.assetcatalog; path = "Preview Assets.xcassets"; sourceTree = "<group>"; };
		C68323ED2678521D00902939 /* Info.plist */ = {isa = PBXFileReference; lastKnownFileType = text.plist.xml; path = Info.plist; sourceTree = "<group>"; };
		C68323F32678524500902939 /* CardItem.swift */ = {isa = PBXFileReference; lastKnownFileType = sourcecode.swift; path = CardItem.swift; sourceTree = "<group>"; };
		C68323F52678524E00902939 /* CardDetail.swift */ = {isa = PBXFileReference; lastKnownFileType = sourcecode.swift; path = CardDetail.swift; sourceTree = "<group>"; };
		C68323F7267852FC00902939 /* Dida.otf */ = {isa = PBXFileReference; lastKnownFileType = file; path = Dida.otf; sourceTree = "<group>"; };
		C68323FA26785C7600902939 /* VisualEffectBlur.swift */ = {isa = PBXFileReference; fileEncoding = 4; lastKnownFileType = sourcecode.swift; path = VisualEffectBlur.swift; sourceTree = "<group>"; };
		C68323FC2678A6E000902939 /* Goddess.swift */ = {isa = PBXFileReference; lastKnownFileType = sourcecode.swift; path = Goddess.swift; sourceTree = "<group>"; };
/* End PBXFileReference section */

/* Begin PBXFrameworksBuildPhase section */
		C68323DE2678521900902939 /* Frameworks */ = {
			isa = PBXFrameworksBuildPhase;
			buildActionMask = 2147483647;
			files = (
			);
			runOnlyForDeploymentPostprocessing = 0;
		};
/* End PBXFrameworksBuildPhase section */

/* Begin PBXGroup section */
		C68323D82678521900902939 = {
			isa = PBXGroup;
			children = (
				C68323E32678521900902939 /* Gaea_SwiftUIWork */,
				C68323E22678521900902939 /* Products */,
			);
			sourceTree = "<group>";
		};
		C68323E22678521900902939 /* Products */ = {
			isa = PBXGroup;
			children = (
				C68323E12678521900902939 /* Gaea_SwiftUIWork.app */,
			);
			name = Products;
			sourceTree = "<group>";
		};
		C68323E32678521900902939 /* Gaea_SwiftUIWork */ = {
			isa = PBXGroup;
			children = (
				C68323E62678521900902939 /* HomeView.swift */,
				C636E6122679E92F001387EA /* CloseButton.swift */,
				C68323FC2678A6E000902939 /* Goddess.swift */,
				C68323F32678524500902939 /* CardItem.swift */,
				C68323E42678521900902939 /* Gaea_SwiftUIWorkApp.swift */,
				C68323F52678524E00902939 /* CardDetail.swift */,
				C68323FA26785C7600902939 /* VisualEffectBlur.swift */,
				C68323F7267852FC00902939 /* Dida.otf */,
				C68323E82678521D00902939 /* Assets.xcassets */,
				C68323ED2678521D00902939 /* Info.plist */,
				C68323EA2678521D00902939 /* Preview Content */,
			);
			path = Gaea_SwiftUIWork;
			sourceTree = "<group>";
		};
		C68323EA2678521D00902939 /* Preview Content */ = {
			isa = PBXGroup;
			children = (
				C68323EB2678521D00902939 /* Preview Assets.xcassets */,
			);
			path = "Preview Content";
			sourceTree = "<group>";
		};
/* End PBXGroup section */

/* Begin PBXNativeTarget section */
		C68323E02678521900902939 /* Gaea_SwiftUIWork */ = {
			isa = PBXNativeTarget;
			buildConfigurationList = C68323F02678521D00902939 /* Build configuration list for PBXNativeTarget "Gaea_SwiftUIWork" */;
			buildPhases = (
				C68323DD2678521900902939 /* Sources */,
				C68323DE2678521900902939 /* Frameworks */,
				C68323DF2678521900902939 /* Resources */,
			);
			buildRules = (
			);
			dependencies = (
			);
			name = Gaea_SwiftUIWork;
			productName = Gaea_SwiftUIWork;
			productReference = C68323E12678521900902939 /* Gaea_SwiftUIWork.app */;
			productType = "com.apple.product-type.application";
		};
/* End PBXNativeTarget section */

/* Begin PBXProject section */
		C68323D92678521900902939 /* Project object */ = {
			isa = PBXProject;
			attributes = {
				LastSwiftUpdateCheck = 1250;
				LastUpgradeCheck = 1250;
				TargetAttributes = {
					C68323E02678521900902939 = {
						CreatedOnToolsVersion = 12.5;
					};
				};
			};
			buildConfigurationList = C68323DC2678521900902939 /* Build configuration list for PBXProject "Gaea_SwiftUIWork" */;
			compatibilityVersion = "Xcode 9.3";
			developmentRegion = en;
			hasScannedForEncodings = 0;
			knownRegions = (
				en,
				Base,
			);
			mainGroup = C68323D82678521900902939;
			productRefGroup = C68323E22678521900902939 /* Products */;
			projectDirPath = "";
			projectRoot = "";
			targets = (
				C68323E02678521900902939 /* Gaea_SwiftUIWork */,
			);
		};
/* End PBXProject section */

/* Begin PBXResourcesBuildPhase section */
		C68323DF2678521900902939 /* Resources */ = {
			isa = PBXResourcesBuildPhase;
			buildActionMask = 2147483647;
			files = (
				C68323EC2678521D00902939 /* Preview Assets.xcassets in Resources */,
				C68323E92678521D00902939 /* Assets.xcassets in Resources */,
				C68323F926785BDE00902939 /* Dida.otf in Resources */,
			);
			runOnlyForDeploymentPostprocessing = 0;
		};
/* End PBXResourcesBuildPhase section */

/* Begin PBXSourcesBuildPhase section */
		C68323DD2678521900902939 /* Sources */ = {
			isa = PBXSourcesBuildPhase;
			buildActionMask = 2147483647;
			files = (
				C68323FB26785C7700902939 /* VisualEffectBlur.swift in Sources */,
				C68323FD2678A6E000902939 /* Goddess.swift in Sources */,
				C68323F62678524E00902939 /* CardDetail.swift in Sources */,
				C636E6112679CAE2001387EA /* HomeView.swift in Sources */,
				C636E6132679E92F001387EA /* CloseButton.swift in Sources */,
				C68323F42678524500902939 /* CardItem.swift in Sources */,
				C68324002678FDA500902939 /* Gaea_SwiftUIWorkApp.swift in Sources */,
			);
			runOnlyForDeploymentPostprocessing = 0;
		};
/* End PBXSourcesBuildPhase section */

/* Begin XCBuildConfiguration section */
		C68323EE2678521D00902939 /* Debug */ = {
			isa = XCBuildConfiguration;
			buildSettings = {
				ALWAYS_SEARCH_USER_PATHS = NO;
				CLANG_ANALYZER_NONNULL = YES;
				CLANG_ANALYZER_NUMBER_OBJECT_CONVERSION = YES_AGGRESSIVE;
				CLANG_CXX_LANGUAGE_STANDARD = "gnu++14";
				CLANG_CXX_LIBRARY = "libc++";
				CLANG_ENABLE_MODULES = YES;
				CLANG_ENABLE_OBJC_ARC = YES;
				CLANG_ENABLE_OBJC_WEAK = YES;
				CLANG_WARN_BLOCK_CAPTURE_AUTORELEASING = YES;
				CLANG_WARN_BOOL_CONVERSION = YES;
				CLANG_WARN_COMMA = YES;
				CLANG_WARN_CONSTANT_CONVERSION = YES;
				CLANG_WARN_DEPRECATED_OBJC_IMPLEMENTATIONS = YES;
				CLANG_WARN_DIRECT_OBJC_ISA_USAGE = YES_ERROR;
				CLANG_WARN_DOCUMENTATION_COMMENTS = YES;
				CLANG_WARN_EMPTY_BODY = YES;
				CLANG_WARN_ENUM_CONVERSION = YES;
				CLANG_WARN_INFINITE_RECURSION = YES;
				CLANG_WARN_INT_CONVERSION = YES;
				CLANG_WARN_NON_LITERAL_NULL_CONVERSION = YES;
				CLANG_WARN_OBJC_IMPLICIT_RETAIN_SELF = YES;
				CLANG_WARN_OBJC_LITERAL_CONVERSION = YES;
				CLANG_WARN_OBJC_ROOT_CLASS = YES_ERROR;
				CLANG_WARN_QUOTED_INCLUDE_IN_FRAMEWORK_HEADER = YES;
				CLANG_WARN_RANGE_LOOP_ANALYSIS = YES;
				CLANG_WARN_STRICT_PROTOTYPES = YES;
				CLANG_WARN_SUSPICIOUS_MOVE = YES;
				CLANG_WARN_UNGUARDED_AVAILABILITY = YES_AGGRESSIVE;
				CLANG_WARN_UNREACHABLE_CODE = YES;
				CLANG_WARN__DUPLICATE_METHOD_MATCH = YES;
				COPY_PHASE_STRIP = NO;
				DEBUG_INFORMATION_FORMAT = dwarf;
				ENABLE_STRICT_OBJC_MSGSEND = YES;
				ENABLE_TESTABILITY = YES;
				GCC_C_LANGUAGE_STANDARD = gnu11;
				GCC_DYNAMIC_NO_PIC = NO;
				GCC_NO_COMMON_BLOCKS = YES;
				GCC_OPTIMIZATION_LEVEL = 0;
				GCC_PREPROCESSOR_DEFINITIONS = (
					"DEBUG=1",
					"$(inherited)",
				);
				GCC_WARN_64_TO_32_BIT_CONVERSION = YES;
				GCC_WARN_ABOUT_RETURN_TYPE = YES_ERROR;
				GCC_WARN_UNDECLARED_SELECTOR = YES;
				GCC_WARN_UNINITIALIZED_AUTOS = YES_AGGRESSIVE;
				GCC_WARN_UNUSED_FUNCTION = YES;
				GCC_WARN_UNUSED_VARIABLE = YES;
				IPHONEOS_DEPLOYMENT_TARGET = 14.5;
				MTL_ENABLE_DEBUG_INFO = INCLUDE_SOURCE;
				MTL_FAST_MATH = YES;
				ONLY_ACTIVE_ARCH = YES;
				SDKROOT = iphoneos;
				SWIFT_ACTIVE_COMPILATION_CONDITIONS = DEBUG;
				SWIFT_OPTIMIZATION_LEVEL = "-Onone";
			};
			name = Debug;
		};
		C68323EF2678521D00902939 /* Release */ = {
			isa = XCBuildConfiguration;
			buildSettings = {
				ALWAYS_SEARCH_USER_PATHS = NO;
				CLANG_ANALYZER_NONNULL = YES;
				CLANG_ANALYZER_NUMBER_OBJECT_CONVERSION = YES_AGGRESSIVE;
				CLANG_CXX_LANGUAGE_STANDARD = "gnu++14";
				CLANG_CXX_LIBRARY = "libc++";
				CLANG_ENABLE_MODULES = YES;
				CLANG_ENABLE_OBJC_ARC = YES;
				CLANG_ENABLE_OBJC_WEAK = YES;
				CLANG_WARN_BLOCK_CAPTURE_AUTORELEASING = YES;
				CLANG_WARN_BOOL_CONVERSION = YES;
				CLANG_WARN_COMMA = YES;
				CLANG_WARN_CONSTANT_CONVERSION = YES;
				CLANG_WARN_DEPRECATED_OBJC_IMPLEMENTATIONS = YES;
				CLANG_WARN_DIRECT_OBJC_ISA_USAGE = YES_ERROR;
				CLANG_WARN_DOCUMENTATION_COMMENTS = YES;
				CLANG_WARN_EMPTY_BODY = YES;
				CLANG_WARN_ENUM_CONVERSION = YES;
				CLANG_WARN_INFINITE_RECURSION = YES;
				CLANG_WARN_INT_CONVERSION = YES;
				CLANG_WARN_NON_LITERAL_NULL_CONVERSION = YES;
				CLANG_WARN_OBJC_IMPLICIT_RETAIN_SELF = YES;
				CLANG_WARN_OBJC_LITERAL_CONVERSION = YES;
				CLANG_WARN_OBJC_ROOT_CLASS = YES_ERROR;
				CLANG_WARN_QUOTED_INCLUDE_IN_FRAMEWORK_HEADER = YES;
				CLANG_WARN_RANGE_LOOP_ANALYSIS = YES;
				CLANG_WARN_STRICT_PROTOTYPES = YES;
				CLANG_WARN_SUSPICIOUS_MOVE = YES;
				CLANG_WARN_UNGUARDED_AVAILABILITY = YES_AGGRESSIVE;
				CLANG_WARN_UNREACHABLE_CODE = YES;
				CLANG_WARN__DUPLICATE_METHOD_MATCH = YES;
				COPY_PHASE_STRIP = NO;
				DEBUG_INFORMATION_FORMAT = "dwarf-with-dsym";
				ENABLE_NS_ASSERTIONS = NO;
				ENABLE_STRICT_OBJC_MSGSEND = YES;
				GCC_C_LANGUAGE_STANDARD = gnu11;
				GCC_NO_COMMON_BLOCKS = YES;
				GCC_WARN_64_TO_32_BIT_CONVERSION = YES;
				GCC_WARN_ABOUT_RETURN_TYPE = YES_ERROR;
				GCC_WARN_UNDECLARED_SELECTOR = YES;
				GCC_WARN_UNINITIALIZED_AUTOS = YES_AGGRESSIVE;
				GCC_WARN_UNUSED_FUNCTION = YES;
				GCC_WARN_UNUSED_VARIABLE = YES;
				IPHONEOS_DEPLOYMENT_TARGET = 14.5;
				MTL_ENABLE_DEBUG_INFO = NO;
				MTL_FAST_MATH = YES;
				SDKROOT = iphoneos;
				SWIFT_COMPILATION_MODE = wholemodule;
				SWIFT_OPTIMIZATION_LEVEL = "-O";
				VALIDATE_PRODUCT = YES;
			};
			name = Release;
		};
		C68323F12678521D00902939 /* Debug */ = {
			isa = XCBuildConfiguration;
			buildSettings = {
				ASSETCATALOG_COMPILER_APPICON_NAME = AppIcon;
				ASSETCATALOG_COMPILER_GLOBAL_ACCENT_COLOR_NAME = AccentColor;
				CODE_SIGN_STYLE = Automatic;
				DEVELOPMENT_ASSET_PATHS = "\"Gaea_SwiftUIWork/Preview Content\"";
				ENABLE_PREVIEWS = YES;
				INFOPLIST_FILE = Gaea_SwiftUIWork/Info.plist;
				IPHONEOS_DEPLOYMENT_TARGET = 14.0;
				LD_RUNPATH_SEARCH_PATHS = (
					"$(inherited)",
					"@executable_path/Frameworks",
				);
				PRODUCT_BUNDLE_IDENTIFIER = "leemyeonji.Gaea-SwiftUIWork";
				PRODUCT_NAME = "$(TARGET_NAME)";
				SWIFT_VERSION = 5.0;
				TARGETED_DEVICE_FAMILY = "1,2";
			};
			name = Debug;
		};
		C68323F22678521D00902939 /* Release */ = {
			isa = XCBuildConfiguration;
			buildSettings = {
				ASSETCATALOG_COMPILER_APPICON_NAME = AppIcon;
				ASSETCATALOG_COMPILER_GLOBAL_ACCENT_COLOR_NAME = AccentColor;
				CODE_SIGN_STYLE = Automatic;
				DEVELOPMENT_ASSET_PATHS = "\"Gaea_SwiftUIWork/Preview Content\"";
				ENABLE_PREVIEWS = YES;
				INFOPLIST_FILE = Gaea_SwiftUIWork/Info.plist;
				IPHONEOS_DEPLOYMENT_TARGET = 14.0;
				LD_RUNPATH_SEARCH_PATHS = (
					"$(inherited)",
					"@executable_path/Frameworks",
				);
				PRODUCT_BUNDLE_IDENTIFIER = "leemyeonji.Gaea-SwiftUIWork";
				PRODUCT_NAME = "$(TARGET_NAME)";
				SWIFT_VERSION = 5.0;
				TARGETED_DEVICE_FAMILY = "1,2";
			};
			name = Release;
		};
/* End XCBuildConfiguration section */

/* Begin XCConfigurationList section */
		C68323DC2678521900902939 /* Build configuration list for PBXProject "Gaea_SwiftUIWork" */ = {
			isa = XCConfigurationList;
			buildConfigurations = (
				C68323EE2678521D00902939 /* Debug */,
				C68323EF2678521D00902939 /* Release */,
			);
			defaultConfigurationIsVisible = 0;
			defaultConfigurationName = Release;
		};
		C68323F02678521D00902939 /* Build configuration list for PBXNativeTarget "Gaea_SwiftUIWork" */ = {
			isa = XCConfigurationList;
			buildConfigurations = (
				C68323F12678521D00902939 /* Debug */,
				C68323F22678521D00902939 /* Release */,
			);
			defaultConfigurationIsVisible = 0;
			defaultConfigurationName = Release;
		};
/* End XCConfigurationList section */
	};
	rootObject = C68323D92678521900902939 /* Project object */;
}
